
Microsoft Visual Studio Solution File, Format Version 12.00
# Visual Studio 2013
VisualStudioVersion = 12.0.31101.0
MinimumVisualStudioVersion = 10.0.40219.1
Project("{2150E333-8FDC-42A3-9474-1A3956D46DE8}") = "Common", "Common", "{189F9AD5-5E88-4E9C-8B7B-CDFDF7FAD394}"
EndProject
Project("{2150E333-8FDC-42A3-9474-1A3956D46DE8}") = "Receiver", "Receiver", "{B2DE8A06-B67E-4814-BE6B-3FD83006206F}"
EndProject
Project("{FAE04EC0-301F-11D3-BF4B-00C04F79EFBC}") = "Ian.HttpClient", "Ian.HttpClient\Ian.HttpClient.csproj", "{EFFB364B-D068-41D7-922A-B77BEC86D8C8}"
EndProject
Project("{FAE04EC0-301F-11D3-BF4B-00C04F79EFBC}") = "Ian.Utility", "Ian.Utility\Ian.Utility.csproj", "{3E77D8C4-0A77-4F3B-A599-260091B9A7E6}"
EndProject
Project("{FAE04EC0-301F-11D3-BF4B-00C04F79EFBC}") = "Ian.Configuration", "Ian.Configuration\Ian.Configuration.csproj", "{56601911-0DDF-49DC-B2BA-F145743CA44A}"
EndProject
Project("{2150E333-8FDC-42A3-9474-1A3956D46DE8}") = "UnitTest", "UnitTest", "{3155BA49-0435-44B6-91D8-5FE879C1DE84}"
EndProject
Project("{FAE04EC0-301F-11D3-BF4B-00C04F79EFBC}") = "Ian.UnitTest.HttpClientUnitTest", "Ian.UnitTest.HttpClientUnitTest\Ian.UnitTest.HttpClientUnitTest.csproj", "{3304E9F7-FBA7-4D69-BECE-27E45417FDD3}"
EndProject
Project("{FAE04EC0-301F-11D3-BF4B-00C04F79EFBC}") = "Ian.UnitTest.ConfigurationTest", "Ian.UnitTest.ConfigurationTest\Ian.UnitTest.ConfigurationTest.csproj", "{B03734A8-8E37-4307-884F-77458E7F8744}"
EndProject
Project("{FAE04EC0-301F-11D3-BF4B-00C04F79EFBC}") = "Ian.UnitTest.Model", "Ian.UnitTest.Model\Ian.UnitTest.Model.csproj", "{4899DA6D-F188-4F65-A083-79C94B43BC66}"
EndProject
Project("{FAE04EC0-301F-11D3-BF4B-00C04F79EFBC}") = "Ian.UdpClient", "Ian.UdpClient\Ian.UdpClient.csproj", "{ECCCD58B-C4BE-413D-9A33-128827B3A2D6}"
EndProject
Project("{FAE04EC0-301F-11D3-BF4B-00C04F79EFBC}") = "Ian.UnitTest.UdpCliengUnitTest", "Ian.UnitTest.UdpCliengUnitTest\Ian.UnitTest.UdpCliengUnitTest.csproj", "{2267D329-1ADD-4075-8747-E8BA055B8335}"
EndProject
Project("{FAE04EC0-301F-11D3-BF4B-00C04F79EFBC}") = "Ian.UnitTest.UdpClientUnitTest", "Ian.UnitTest.UdpClientUnitTest\Ian.UnitTest.UdpClientUnitTest.csproj", "{AE3EA7C7-AE10-4A7B-931D-CC8128D2C26F}"
EndProject
Global
	GlobalSection(SolutionConfigurationPlatforms) = preSolution
		Debug|Any CPU = Debug|Any CPU
		Release|Any CPU = Release|Any CPU
	EndGlobalSection
	GlobalSection(ProjectConfigurationPlatforms) = postSolution
		{EFFB364B-D068-41D7-922A-B77BEC86D8C8}.Debug|Any CPU.ActiveCfg = Debug|Any CPU
		{EFFB364B-D068-41D7-922A-B77BEC86D8C8}.Debug|Any CPU.Build.0 = Debug|Any CPU
		{EFFB364B-D068-41D7-922A-B77BEC86D8C8}.Release|Any CPU.ActiveCfg = Release|Any CPU
		{EFFB364B-D068-41D7-922A-B77BEC86D8C8}.Release|Any CPU.Build.0 = Release|Any CPU
		{3E77D8C4-0A77-4F3B-A599-260091B9A7E6}.Debug|Any CPU.ActiveCfg = Debug|Any CPU
		{3E77D8C4-0A77-4F3B-A599-260091B9A7E6}.Debug|Any CPU.Build.0 = Debug|Any CPU
		{3E77D8C4-0A77-4F3B-A599-260091B9A7E6}.Release|Any CPU.ActiveCfg = Release|Any CPU
		{3E77D8C4-0A77-4F3B-A599-260091B9A7E6}.Release|Any CPU.Build.0 = Release|Any CPU
		{56601911-0DDF-49DC-B2BA-F145743CA44A}.Debug|Any CPU.ActiveCfg = Debug|Any CPU
		{56601911-0DDF-49DC-B2BA-F145743CA44A}.Debug|Any CPU.Build.0 = Debug|Any CPU
		{56601911-0DDF-49DC-B2BA-F145743CA44A}.Release|Any CPU.ActiveCfg = Release|Any CPU
		{56601911-0DDF-49DC-B2BA-F145743CA44A}.Release|Any CPU.Build.0 = Release|Any CPU
		{3304E9F7-FBA7-4D69-BECE-27E45417FDD3}.Debug|Any CPU.ActiveCfg = Debug|Any CPU
		{3304E9F7-FBA7-4D69-BECE-27E45417FDD3}.Debug|Any CPU.Build.0 = Debug|Any CPU
		{3304E9F7-FBA7-4D69-BECE-27E45417FDD3}.Release|Any CPU.ActiveCfg = Release|Any CPU
		{3304E9F7-FBA7-4D69-BECE-27E45417FDD3}.Release|Any CPU.Build.0 = Release|Any CPU
		{B03734A8-8E37-4307-884F-77458E7F8744}.Debug|Any CPU.ActiveCfg = Debug|Any CPU
		{B03734A8-8E37-4307-884F-77458E7F8744}.Debug|Any CPU.Build.0 = Debug|Any CPU
		{B03734A8-8E37-4307-884F-77458E7F8744}.Release|Any CPU.ActiveCfg = Release|Any CPU
		{B03734A8-8E37-4307-884F-77458E7F8744}.Release|Any CPU.Build.0 = Release|Any CPU
		{4899DA6D-F188-4F65-A083-79C94B43BC66}.Debug|Any CPU.ActiveCfg = Debug|Any CPU
		{4899DA6D-F188-4F65-A083-79C94B43BC66}.Debug|Any CPU.Build.0 = Debug|Any CPU
		{4899DA6D-F188-4F65-A083-79C94B43BC66}.Release|Any CPU.ActiveCfg = Release|Any CPU
		{4899DA6D-F188-4F65-A083-79C94B43BC66}.Release|Any CPU.Build.0 = Release|Any CPU
		{ECCCD58B-C4BE-413D-9A33-128827B3A2D6}.Debug|Any CPU.ActiveCfg = Debug|Any CPU
		{ECCCD58B-C4BE-413D-9A33-128827B3A2D6}.Debug|Any CPU.Build.0 = Debug|Any CPU
		{ECCCD58B-C4BE-413D-9A33-128827B3A2D6}.Release|Any CPU.ActiveCfg = Release|Any CPU
		{ECCCD58B-C4BE-413D-9A33-128827B3A2D6}.Release|Any CPU.Build.0 = Release|Any CPU
		{2267D329-1ADD-4075-8747-E8BA055B8335}.Debug|Any CPU.ActiveCfg = Debug|Any CPU
		{2267D329-1ADD-4075-8747-E8BA055B8335}.Debug|Any CPU.Build.0 = Debug|Any CPU
		{2267D329-1ADD-4075-8747-E8BA055B8335}.Release|Any CPU.ActiveCfg = Release|Any CPU
		{2267D329-1ADD-4075-8747-E8BA055B8335}.Release|Any CPU.Build.0 = Release|Any CPU
		{AE3EA7C7-AE10-4A7B-931D-CC8128D2C26F}.Debug|Any CPU.ActiveCfg = Debug|Any CPU
		{AE3EA7C7-AE10-4A7B-931D-CC8128D2C26F}.Debug|Any CPU.Build.0 = Debug|Any CPU
		{AE3EA7C7-AE10-4A7B-931D-CC8128D2C26F}.Release|Any CPU.ActiveCfg = Release|Any CPU
		{AE3EA7C7-AE10-4A7B-931D-CC8128D2C26F}.Release|Any CPU.Build.0 = Release|Any CPU
	EndGlobalSection
	GlobalSection(SolutionProperties) = preSolution
		HideSolutionNode = FALSE
	EndGlobalSection
	GlobalSection(NestedProjects) = preSolution
		{EFFB364B-D068-41D7-922A-B77BEC86D8C8} = {189F9AD5-5E88-4E9C-8B7B-CDFDF7FAD394}
		{3E77D8C4-0A77-4F3B-A599-260091B9A7E6} = {189F9AD5-5E88-4E9C-8B7B-CDFDF7FAD394}
		{56601911-0DDF-49DC-B2BA-F145743CA44A} = {189F9AD5-5E88-4E9C-8B7B-CDFDF7FAD394}
		{3304E9F7-FBA7-4D69-BECE-27E45417FDD3} = {3155BA49-0435-44B6-91D8-5FE879C1DE84}
		{B03734A8-8E37-4307-884F-77458E7F8744} = {3155BA49-0435-44B6-91D8-5FE879C1DE84}
		{4899DA6D-F188-4F65-A083-79C94B43BC66} = {3155BA49-0435-44B6-91D8-5FE879C1DE84}
		{ECCCD58B-C4BE-413D-9A33-128827B3A2D6} = {189F9AD5-5E88-4E9C-8B7B-CDFDF7FAD394}
		{2267D329-1ADD-4075-8747-E8BA055B8335} = {3155BA49-0435-44B6-91D8-5FE879C1DE84}
		{AE3EA7C7-AE10-4A7B-931D-CC8128D2C26F} = {3155BA49-0435-44B6-91D8-5FE879C1DE84}
	EndGlobalSection
EndGlobal
