
Microsoft Visual Studio Solution File, Format Version 12.00
# Visual Studio 2013
VisualStudioVersion = 12.0.31101.0
MinimumVisualStudioVersion = 10.0.40219.1
Project("{2150E333-8FDC-42A3-9474-1A3956D46DE8}") = "Common", "Common", "{189F9AD5-5E88-4E9C-8B7B-CDFDF7FAD394}"
EndProject
Project("{2150E333-8FDC-42A3-9474-1A3956D46DE8}") = "Receiver", "Receiver", "{B2DE8A06-B67E-4814-BE6B-3FD83006206F}"
EndProject
Project("{FAE04EC0-301F-11D3-BF4B-00C04F79EFBC}") = "Ian.HttpClient", "Ian.HttpClient\Ian.HttpClient.csproj", "{EFFB364B-D068-41D7-922A-B77BEC86D8C8}"
EndProject
Project("{FAE04EC0-301F-11D3-BF4B-00C04F79EFBC}") = "Ian.Utility", "Ian.Utility\Ian.Utility.csproj", "{3E77D8C4-0A77-4F3B-A599-260091B9A7E6}"
EndProject
Global
	GlobalSection(SolutionConfigurationPlatforms) = preSolution
		Debug|Any CPU = Debug|Any CPU
		Release|Any CPU = Release|Any CPU
	EndGlobalSection
	GlobalSection(ProjectConfigurationPlatforms) = postSolution
		{EFFB364B-D068-41D7-922A-B77BEC86D8C8}.Debug|Any CPU.ActiveCfg = Debug|Any CPU
		{EFFB364B-D068-41D7-922A-B77BEC86D8C8}.Debug|Any CPU.Build.0 = Debug|Any CPU
		{EFFB364B-D068-41D7-922A-B77BEC86D8C8}.Release|Any CPU.ActiveCfg = Release|Any CPU
		{EFFB364B-D068-41D7-922A-B77BEC86D8C8}.Release|Any CPU.Build.0 = Release|Any CPU
		{3E77D8C4-0A77-4F3B-A599-260091B9A7E6}.Debug|Any CPU.ActiveCfg = Debug|Any CPU
		{3E77D8C4-0A77-4F3B-A599-260091B9A7E6}.Debug|Any CPU.Build.0 = Debug|Any CPU
		{3E77D8C4-0A77-4F3B-A599-260091B9A7E6}.Release|Any CPU.ActiveCfg = Release|Any CPU
		{3E77D8C4-0A77-4F3B-A599-260091B9A7E6}.Release|Any CPU.Build.0 = Release|Any CPU
	EndGlobalSection
	GlobalSection(SolutionProperties) = preSolution
		HideSolutionNode = FALSE
	EndGlobalSection
	GlobalSection(NestedProjects) = preSolution
		{EFFB364B-D068-41D7-922A-B77BEC86D8C8} = {189F9AD5-5E88-4E9C-8B7B-CDFDF7FAD394}
		{3E77D8C4-0A77-4F3B-A599-260091B9A7E6} = {189F9AD5-5E88-4E9C-8B7B-CDFDF7FAD394}
	EndGlobalSection
EndGlobal
